
Microsoft Visual Studio Solution File, Format Version 12.00
# Visual Studio Version 17
VisualStudioVersion = 17.3.32825.248
MinimumVisualStudioVersion = 10.0.40219.1
Project("{9A19103F-16F7-4668-BE54-9A1E7A4F7556}") = "Bug.Tracker.Web.Api.Client", "..\..\..\..\Users\JohnLong\source\repos\Bug.Tracker\Bug.Tracker.Web.Api.Client\Bug.Tracker.Web.Api.Client.csproj", "{DE05AA63-C737-44DC-9B26-A5C76DF69357}"
EndProject
Global
	GlobalSection(SolutionConfigurationPlatforms) = preSolution
		Debug|Any CPU = Debug|Any CPU
		Release|Any CPU = Release|Any CPU
	EndGlobalSection
	GlobalSection(ProjectConfigurationPlatforms) = postSolution
		{DE05AA63-C737-44DC-9B26-A5C76DF69357}.Debug|Any CPU.ActiveCfg = Debug|Any CPU
		{DE05AA63-C737-44DC-9B26-A5C76DF69357}.Debug|Any CPU.Build.0 = Debug|Any CPU
		{DE05AA63-C737-44DC-9B26-A5C76DF69357}.Release|Any CPU.ActiveCfg = Release|Any CPU
		{DE05AA63-C737-44DC-9B26-A5C76DF69357}.Release|Any CPU.Build.0 = Release|Any CPU
	EndGlobalSection
	GlobalSection(SolutionProperties) = preSolution
		HideSolutionNode = FALSE
	EndGlobalSection
	GlobalSection(ExtensibilityGlobals) = postSolution
		SolutionGuid = {CA543808-6A62-4E7E-9260-CDE3CF4B471F}
	EndGlobalSection
EndGlobal
